PODS:
  - Alamofire (4.4.0)
  - Bolts/Tasks (1.8.4)
  - ChameleonFramework/Default (2.1.0)
  - ChameleonFramework/Swift (2.1.0):
    - ChameleonFramework/Default
  - GzipSwift-beta (4.0.0-beta.2)
  - HyperTrack (0.4.53):
    - Alamofire (= 4.4.0)
    - GzipSwift-beta (= 4.0.0-beta.2)
    - SQLite.swift (= 0.11.2)
  - Parse (1.15.3):
    - Bolts/Tasks (~> 1.8)
  - SQLite.swift (0.11.2):
    - SQLite.swift/standard (= 0.11.2)
  - SQLite.swift/standard (0.11.2)

DEPENDENCIES:
  - Alamofire
  - ChameleonFramework/Swift
  - HyperTrack
  - Parse

SPEC CHECKSUMS:
  Alamofire: dc44b1600b800eb63da6a19039a0083d62a6a62d
  Bolts: 8a7995239dbe724f9cba2248b766d48b7ebdd322
  ChameleonFramework: d21a3cc247abfe5e37609a283a8238b03575cf64
  GzipSwift-beta: b74b704e17b4b7ea1de99460ec5ad6458d078f32
  HyperTrack: b13784b5f2f08d4208edf9a4f82d97b5dc526fea
  Parse: cdc0f1f975ee8be0409e66f21b05df4ae067047c
  SQLite.swift: 670c3e9e0a806bbfd56a3de5d530768dc0e6fe7c

PODFILE CHECKSUM: 8a4fb6cc16ce85b726133e93cead0a4318bba531

COCOAPODS: 1.3.1
